
Microsoft Visual Studio Solution File, Format Version 12.00
# Visual Studio Version 17
VisualStudioVersion = 17.0.32112.339
MinimumVisualStudioVersion = 10.0.40219.1
Project("{9A19103F-16F7-4668-BE54-9A1E7A4F7556}") = "PlanetariumService", "PlanetariumService\PlanetariumService.csproj", "{5D48B210-F242-4487-B398-445AB8D011F3}"
EndProject
Project("{9A19103F-16F7-4668-BE54-9A1E7A4F7556}") = "PlanetariumServiceTests", "PlanetariumServiceTests\PlanetariumServiceTests.csproj", "{39007442-8601-4BDA-ACF8-7FE0F970155D}"
EndProject
Project("{9A19103F-16F7-4668-BE54-9A1E7A4F7556}") = "PlanetariumModels", "..\..\Planitarium Web App\PlanetariumService\PlanetariumModels\PlanetariumModels.csproj", "{6CC20A48-C876-42EE-8726-3347223B7DDC}"
EndProject
Project("{9A19103F-16F7-4668-BE54-9A1E7A4F7556}") = "PlanetariumServices", "..\..\Planitarium Web App\PlanetariumService\PlanetariumServices\PlanetariumServices.csproj", "{8C2128BC-78CC-43B2-A92A-4C667D92E1B3}"
EndProject
Project("{9A19103F-16F7-4668-BE54-9A1E7A4F7556}") = "PlanetariumRepositories", "..\..\Planitarium Web App\PlanetariumService\PlanetariumRepositories\PlanetariumRepositories.csproj", "{9CBDCDE8-F382-4C3E-8F2F-8A664C43F280}"
EndProject
Global
	GlobalSection(SolutionConfigurationPlatforms) = preSolution
		Debug|Any CPU = Debug|Any CPU
		Release|Any CPU = Release|Any CPU
	EndGlobalSection
	GlobalSection(ProjectConfigurationPlatforms) = postSolution
		{5D48B210-F242-4487-B398-445AB8D011F3}.Debug|Any CPU.ActiveCfg = Debug|Any CPU
		{5D48B210-F242-4487-B398-445AB8D011F3}.Debug|Any CPU.Build.0 = Debug|Any CPU
		{5D48B210-F242-4487-B398-445AB8D011F3}.Release|Any CPU.ActiveCfg = Release|Any CPU
		{5D48B210-F242-4487-B398-445AB8D011F3}.Release|Any CPU.Build.0 = Release|Any CPU
		{39007442-8601-4BDA-ACF8-7FE0F970155D}.Debug|Any CPU.ActiveCfg = Debug|Any CPU
		{39007442-8601-4BDA-ACF8-7FE0F970155D}.Debug|Any CPU.Build.0 = Debug|Any CPU
		{39007442-8601-4BDA-ACF8-7FE0F970155D}.Release|Any CPU.ActiveCfg = Release|Any CPU
		{39007442-8601-4BDA-ACF8-7FE0F970155D}.Release|Any CPU.Build.0 = Release|Any CPU
		{6CC20A48-C876-42EE-8726-3347223B7DDC}.Debug|Any CPU.ActiveCfg = Debug|Any CPU
		{6CC20A48-C876-42EE-8726-3347223B7DDC}.Debug|Any CPU.Build.0 = Debug|Any CPU
		{6CC20A48-C876-42EE-8726-3347223B7DDC}.Release|Any CPU.ActiveCfg = Release|Any CPU
		{6CC20A48-C876-42EE-8726-3347223B7DDC}.Release|Any CPU.Build.0 = Release|Any CPU
		{8C2128BC-78CC-43B2-A92A-4C667D92E1B3}.Debug|Any CPU.ActiveCfg = Debug|Any CPU
		{8C2128BC-78CC-43B2-A92A-4C667D92E1B3}.Debug|Any CPU.Build.0 = Debug|Any CPU
		{8C2128BC-78CC-43B2-A92A-4C667D92E1B3}.Release|Any CPU.ActiveCfg = Release|Any CPU
		{8C2128BC-78CC-43B2-A92A-4C667D92E1B3}.Release|Any CPU.Build.0 = Release|Any CPU
		{9CBDCDE8-F382-4C3E-8F2F-8A664C43F280}.Debug|Any CPU.ActiveCfg = Debug|Any CPU
		{9CBDCDE8-F382-4C3E-8F2F-8A664C43F280}.Debug|Any CPU.Build.0 = Debug|Any CPU
		{9CBDCDE8-F382-4C3E-8F2F-8A664C43F280}.Release|Any CPU.ActiveCfg = Release|Any CPU
		{9CBDCDE8-F382-4C3E-8F2F-8A664C43F280}.Release|Any CPU.Build.0 = Release|Any CPU
	EndGlobalSection
	GlobalSection(SolutionProperties) = preSolution
		HideSolutionNode = FALSE
	EndGlobalSection
	GlobalSection(ExtensibilityGlobals) = postSolution
		SolutionGuid = {6652E439-6F37-4304-B197-F12D0E96A417}
	EndGlobalSection
EndGlobal
